// !$*UTF8*$!
{
	archiveVersion = 1;
	classes = {
	};
	objectVersion = 56;
	objects = {

/* Begin PBXBuildFile section */
		FFFF0FBF2B34DDAA00669591 /* LandmarksApp.swift in Sources */ = {isa = PBXBuildFile; fileRef = FFFF0FBE2B34DDAA00669591 /* LandmarksApp.swift */; };
		FFFF0FC12B34DDAA00669591 /* ContentView.swift in Sources */ = {isa = PBXBuildFile; fileRef = FFFF0FC02B34DDAA00669591 /* ContentView.swift */; };
		FFFF0FC32B34DDAC00669591 /* Assets.xcassets in Resources */ = {isa = PBXBuildFile; fileRef = FFFF0FC22B34DDAC00669591 /* Assets.xcassets */; };
		FFFF0FC62B34DDAC00669591 /* Preview Assets.xcassets in Resources */ = {isa = PBXBuildFile; fileRef = FFFF0FC52B34DDAC00669591 /* Preview Assets.xcassets */; };
		FFFF0FCD2B34E4E700669591 /* CircleImage.swift in Sources */ = {isa = PBXBuildFile; fileRef = FFFF0FCC2B34E4E700669591 /* CircleImage.swift */; };
		FFFF0FCF2B34E5D800669591 /* MapView.swift in Sources */ = {isa = PBXBuildFile; fileRef = FFFF0FCE2B34E5D800669591 /* MapView.swift */; };
		FFFF0FD12B3575A100669591 /* landmarkData.json in Resources */ = {isa = PBXBuildFile; fileRef = FFFF0FD02B3575A100669591 /* landmarkData.json */; };
		FFFF0FD32B3575E000669591 /* Landmark.swift in Sources */ = {isa = PBXBuildFile; fileRef = FFFF0FD22B3575E000669591 /* Landmark.swift */; };
		FFFF0FD52B35789300669591 /* ModelData.swift in Sources */ = {isa = PBXBuildFile; fileRef = FFFF0FD42B35789300669591 /* ModelData.swift */; };
		FFFF0FDA2B357D9800669591 /* LandmarkRow.swift in Sources */ = {isa = PBXBuildFile; fileRef = FFFF0FD92B357D9800669591 /* LandmarkRow.swift */; };
		FFFF0FDC2B35802D00669591 /* LandmarkList.swift in Sources */ = {isa = PBXBuildFile; fileRef = FFFF0FDB2B35802D00669591 /* LandmarkList.swift */; };
		FFFF0FDE2B35828E00669591 /* LandmarkDetail.swift in Sources */ = {isa = PBXBuildFile; fileRef = FFFF0FDD2B35828E00669591 /* LandmarkDetail.swift */; };
		FFFF0FE02B35EAAD00669591 /* FavoriteButton.swift in Sources */ = {isa = PBXBuildFile; fileRef = FFFF0FDF2B35EAAD00669591 /* FavoriteButton.swift */; };
		FFFF0FE42B3B90C400669591 /* HexagonParameters.swift in Sources */ = {isa = PBXBuildFile; fileRef = FFFF0FE32B3B90C400669591 /* HexagonParameters.swift */; };
		FFFF0FE62B3C8DA500669591 /* BadgeBackground.swift in Sources */ = {isa = PBXBuildFile; fileRef = FFFF0FE52B3C8DA500669591 /* BadgeBackground.swift */; };
		FFFF0FE82B3C960300669591 /* BadgeSymbol.swift in Sources */ = {isa = PBXBuildFile; fileRef = FFFF0FE72B3C960300669591 /* BadgeSymbol.swift */; };
		FFFF0FEA2B3C97BD00669591 /* RotatedBadgeSymbol.swift in Sources */ = {isa = PBXBuildFile; fileRef = FFFF0FE92B3C97BD00669591 /* RotatedBadgeSymbol.swift */; };
		FFFF0FEC2B3C98CD00669591 /* Badge.swift in Sources */ = {isa = PBXBuildFile; fileRef = FFFF0FEB2B3C98CD00669591 /* Badge.swift */; };
		FFFF0FEF2B3CBD2D00669591 /* hikeData.json in Resources */ = {isa = PBXBuildFile; fileRef = FFFF0FEE2B3CBD2D00669591 /* hikeData.json */; };
		FFFF0FF12B3CBE4200669591 /* Hike.swift in Sources */ = {isa = PBXBuildFile; fileRef = FFFF0FF02B3CBE4200669591 /* Hike.swift */; };
		FFFF0FF72B3CC0CA00669591 /* GraphCapsule.swift in Sources */ = {isa = PBXBuildFile; fileRef = FFFF0FF32B3CC0CA00669591 /* GraphCapsule.swift */; };
		FFFF0FF82B3CC0CA00669591 /* HikeGraph.swift in Sources */ = {isa = PBXBuildFile; fileRef = FFFF0FF42B3CC0CA00669591 /* HikeGraph.swift */; };
		FFFF0FF92B3CC0CA00669591 /* HikeDetail.swift in Sources */ = {isa = PBXBuildFile; fileRef = FFFF0FF52B3CC0CA00669591 /* HikeDetail.swift */; };
		FFFF0FFA2B3CC0CA00669591 /* HikeView.swift in Sources */ = {isa = PBXBuildFile; fileRef = FFFF0FF62B3CC0CA00669591 /* HikeView.swift */; };
		FFFF0FFC2B3E2DE600669591 /* CategoryHome.swift in Sources */ = {isa = PBXBuildFile; fileRef = FFFF0FFB2B3E2DE600669591 /* CategoryHome.swift */; };
		FFFF0FFE2B3E305C00669591 /* CategoryRow.swift in Sources */ = {isa = PBXBuildFile; fileRef = FFFF0FFD2B3E305C00669591 /* CategoryRow.swift */; };
		FFFF10002B3E31EE00669591 /* CategoryItem.swift in Sources */ = {isa = PBXBuildFile; fileRef = FFFF0FFF2B3E31EE00669591 /* CategoryItem.swift */; };
		FFFF10022B3F85FC00669591 /* Profile.swift in Sources */ = {isa = PBXBuildFile; fileRef = FFFF10012B3F85FC00669591 /* Profile.swift */; };
/* End PBXBuildFile section */

/* Begin PBXFileReference section */
		FFFF0FBB2B34DDAA00669591 /* Landmarks.app */ = {isa = PBXFileReference; explicitFileType = wrapper.application; includeInIndex = 0; path = Landmarks.app; sourceTree = BUILT_PRODUCTS_DIR; };
		FFFF0FBE2B34DDAA00669591 /* LandmarksApp.swift */ = {isa = PBXFileReference; lastKnownFileType = sourcecode.swift; path = LandmarksApp.swift; sourceTree = "<group>"; };
		FFFF0FC02B34DDAA00669591 /* ContentView.swift */ = {isa = PBXFileReference; lastKnownFileType = sourcecode.swift; path = ContentView.swift; sourceTree = "<group>"; };
		FFFF0FC22B34DDAC00669591 /* Assets.xcassets */ = {isa = PBXFileReference; lastKnownFileType = folder.assetcatalog; path = Assets.xcassets; sourceTree = "<group>"; };
		FFFF0FC52B34DDAC00669591 /* Preview Assets.xcassets */ = {isa = PBXFileReference; lastKnownFileType = folder.assetcatalog; path = "Preview Assets.xcassets"; sourceTree = "<group>"; };
		FFFF0FCC2B34E4E700669591 /* CircleImage.swift */ = {isa = PBXFileReference; lastKnownFileType = sourcecode.swift; path = CircleImage.swift; sourceTree = "<group>"; };
		FFFF0FCE2B34E5D800669591 /* MapView.swift */ = {isa = PBXFileReference; lastKnownFileType = sourcecode.swift; path = MapView.swift; sourceTree = "<group>"; };
		FFFF0FD02B3575A100669591 /* landmarkData.json */ = {isa = PBXFileReference; fileEncoding = 4; lastKnownFileType = text.json; path = landmarkData.json; sourceTree = "<group>"; };
		FFFF0FD22B3575E000669591 /* Landmark.swift */ = {isa = PBXFileReference; lastKnownFileType = sourcecode.swift; path = Landmark.swift; sourceTree = "<group>"; };
		FFFF0FD42B35789300669591 /* ModelData.swift */ = {isa = PBXFileReference; lastKnownFileType = sourcecode.swift; path = ModelData.swift; sourceTree = "<group>"; };
		FFFF0FD92B357D9800669591 /* LandmarkRow.swift */ = {isa = PBXFileReference; lastKnownFileType = sourcecode.swift; path = LandmarkRow.swift; sourceTree = "<group>"; };
		FFFF0FDB2B35802D00669591 /* LandmarkList.swift */ = {isa = PBXFileReference; lastKnownFileType = sourcecode.swift; path = LandmarkList.swift; sourceTree = "<group>"; };
		FFFF0FDD2B35828E00669591 /* LandmarkDetail.swift */ = {isa = PBXFileReference; lastKnownFileType = sourcecode.swift; path = LandmarkDetail.swift; sourceTree = "<group>"; };
		FFFF0FDF2B35EAAD00669591 /* FavoriteButton.swift */ = {isa = PBXFileReference; lastKnownFileType = sourcecode.swift; path = FavoriteButton.swift; sourceTree = "<group>"; };
		FFFF0FE32B3B90C400669591 /* HexagonParameters.swift */ = {isa = PBXFileReference; lastKnownFileType = sourcecode.swift; path = HexagonParameters.swift; sourceTree = "<group>"; };
		FFFF0FE52B3C8DA500669591 /* BadgeBackground.swift */ = {isa = PBXFileReference; lastKnownFileType = sourcecode.swift; path = BadgeBackground.swift; sourceTree = "<group>"; };
		FFFF0FE72B3C960300669591 /* BadgeSymbol.swift */ = {isa = PBXFileReference; lastKnownFileType = sourcecode.swift; path = BadgeSymbol.swift; sourceTree = "<group>"; };
		FFFF0FE92B3C97BD00669591 /* RotatedBadgeSymbol.swift */ = {isa = PBXFileReference; lastKnownFileType = sourcecode.swift; path = RotatedBadgeSymbol.swift; sourceTree = "<group>"; };
		FFFF0FEB2B3C98CD00669591 /* Badge.swift */ = {isa = PBXFileReference; lastKnownFileType = sourcecode.swift; path = Badge.swift; sourceTree = "<group>"; };
		FFFF0FEE2B3CBD2D00669591 /* hikeData.json */ = {isa = PBXFileReference; fileEncoding = 4; lastKnownFileType = text.json; path = hikeData.json; sourceTree = "<group>"; };
		FFFF0FF02B3CBE4200669591 /* Hike.swift */ = {isa = PBXFileReference; lastKnownFileType = sourcecode.swift; path = Hike.swift; sourceTree = "<group>"; };
		FFFF0FF32B3CC0CA00669591 /* GraphCapsule.swift */ = {isa = PBXFileReference; fileEncoding = 4; lastKnownFileType = sourcecode.swift; path = GraphCapsule.swift; sourceTree = "<group>"; };
		FFFF0FF42B3CC0CA00669591 /* HikeGraph.swift */ = {isa = PBXFileReference; fileEncoding = 4; lastKnownFileType = sourcecode.swift; path = HikeGraph.swift; sourceTree = "<group>"; };
		FFFF0FF52B3CC0CA00669591 /* HikeDetail.swift */ = {isa = PBXFileReference; fileEncoding = 4; lastKnownFileType = sourcecode.swift; path = HikeDetail.swift; sourceTree = "<group>"; };
		FFFF0FF62B3CC0CA00669591 /* HikeView.swift */ = {isa = PBXFileReference; fileEncoding = 4; lastKnownFileType = sourcecode.swift; path = HikeView.swift; sourceTree = "<group>"; };
		FFFF0FFB2B3E2DE600669591 /* CategoryHome.swift */ = {isa = PBXFileReference; lastKnownFileType = sourcecode.swift; path = CategoryHome.swift; sourceTree = "<group>"; };
		FFFF0FFD2B3E305C00669591 /* CategoryRow.swift */ = {isa = PBXFileReference; lastKnownFileType = sourcecode.swift; path = CategoryRow.swift; sourceTree = "<group>"; };
		FFFF0FFF2B3E31EE00669591 /* CategoryItem.swift */ = {isa = PBXFileReference; lastKnownFileType = sourcecode.swift; path = CategoryItem.swift; sourceTree = "<group>"; };
		FFFF10012B3F85FC00669591 /* Profile.swift */ = {isa = PBXFileReference; lastKnownFileType = sourcecode.swift; path = Profile.swift; sourceTree = "<group>"; };
/* End PBXFileReference section */

/* Begin PBXFrameworksBuildPhase section */
		FFFF0FB82B34DDAA00669591 /* Frameworks */ = {
			isa = PBXFrameworksBuildPhase;
			buildActionMask = 2147483647;
			files = (
			);
			runOnlyForDeploymentPostprocessing = 0;
		};
/* End PBXFrameworksBuildPhase section */

/* Begin PBXGroup section */
		FFFF0FB22B34DDAA00669591 = {
			isa = PBXGroup;
			children = (
				FFFF10012B3F85FC00669591 /* Profile.swift */,
				FFFF0FFB2B3E2DE600669591 /* CategoryHome.swift */,
				FFFF0FFD2B3E305C00669591 /* CategoryRow.swift */,
				FFFF0FFF2B3E31EE00669591 /* CategoryItem.swift */,
				FFFF0FBD2B34DDAA00669591 /* Landmarks */,
				FFFF0FBC2B34DDAA00669591 /* Products */,
			);
			sourceTree = "<group>";
		};
		FFFF0FBC2B34DDAA00669591 /* Products */ = {
			isa = PBXGroup;
			children = (
				FFFF0FBB2B34DDAA00669591 /* Landmarks.app */,
			);
			name = Products;
			sourceTree = "<group>";
		};
		FFFF0FBD2B34DDAA00669591 /* Landmarks */ = {
			isa = PBXGroup;
			children = (
				FFFF0FBE2B34DDAA00669591 /* LandmarksApp.swift */,
				FFFF0FED2B3C9A5500669591 /* Badges */,
				FFFF0FD62B357C9400669591 /* Views */,
				FFFF0FD72B357CBD00669591 /* Model */,
				FFFF0FD82B357CDD00669591 /* Resources */,
				FFFF0FC22B34DDAC00669591 /* Assets.xcassets */,
				FFFF0FC42B34DDAC00669591 /* Preview Content */,
			);
			path = Landmarks;
			sourceTree = "<group>";
		};
		FFFF0FC42B34DDAC00669591 /* Preview Content */ = {
			isa = PBXGroup;
			children = (
				FFFF0FC52B34DDAC00669591 /* Preview Assets.xcassets */,
			);
			path = "Preview Content";
			sourceTree = "<group>";
		};
		FFFF0FD62B357C9400669591 /* Views */ = {
			isa = PBXGroup;
			children = (
				FFFF0FF22B3CC0CA00669591 /* Hikes */,
				FFFF0FC02B34DDAA00669591 /* ContentView.swift */,
				FFFF0FE12B35EBCF00669591 /* Landmarks */,
				FFFF0FE22B35EBEF00669591 /* Helper */,
			);
			path = Views;
			sourceTree = "<group>";
		};
		FFFF0FD72B357CBD00669591 /* Model */ = {
			isa = PBXGroup;
			children = (
				FFFF0FD42B35789300669591 /* ModelData.swift */,
				FFFF0FD22B3575E000669591 /* Landmark.swift */,
			);
			path = Model;
			sourceTree = "<group>";
		};
		FFFF0FD82B357CDD00669591 /* Resources */ = {
			isa = PBXGroup;
			children = (
				FFFF0FEE2B3CBD2D00669591 /* hikeData.json */,
				FFFF0FD02B3575A100669591 /* landmarkData.json */,
			);
			path = Resources;
			sourceTree = "<group>";
		};
		FFFF0FE12B35EBCF00669591 /* Landmarks */ = {
			isa = PBXGroup;
			children = (
				FFFF0FD92B357D9800669591 /* LandmarkRow.swift */,
				FFFF0FDB2B35802D00669591 /* LandmarkList.swift */,
				FFFF0FDD2B35828E00669591 /* LandmarkDetail.swift */,
			);
			path = Landmarks;
			sourceTree = "<group>";
		};
		FFFF0FE22B35EBEF00669591 /* Helper */ = {
			isa = PBXGroup;
			children = (
				FFFF0FDF2B35EAAD00669591 /* FavoriteButton.swift */,
				FFFF0FCE2B34E5D800669591 /* MapView.swift */,
				FFFF0FCC2B34E4E700669591 /* CircleImage.swift */,
			);
			path = Helper;
			sourceTree = "<group>";
		};
		FFFF0FED2B3C9A5500669591 /* Badges */ = {
			isa = PBXGroup;
			children = (
				FFFF0FE32B3B90C400669591 /* HexagonParameters.swift */,
				FFFF0FE52B3C8DA500669591 /* BadgeBackground.swift */,
				FFFF0FF02B3CBE4200669591 /* Hike.swift */,
				FFFF0FE72B3C960300669591 /* BadgeSymbol.swift */,
				FFFF0FE92B3C97BD00669591 /* RotatedBadgeSymbol.swift */,
				FFFF0FEB2B3C98CD00669591 /* Badge.swift */,
			);
			path = Badges;
			sourceTree = "<group>";
		};
		FFFF0FF22B3CC0CA00669591 /* Hikes */ = {
			isa = PBXGroup;
			children = (
				FFFF0FF32B3CC0CA00669591 /* GraphCapsule.swift */,
				FFFF0FF42B3CC0CA00669591 /* HikeGraph.swift */,
				FFFF0FF52B3CC0CA00669591 /* HikeDetail.swift */,
				FFFF0FF62B3CC0CA00669591 /* HikeView.swift */,
			);
			path = Hikes;
			sourceTree = "<group>";
		};
/* End PBXGroup section */

/* Begin PBXNativeTarget section */
		FFFF0FBA2B34DDAA00669591 /* Landmarks */ = {
			isa = PBXNativeTarget;
			buildConfigurationList = FFFF0FC92B34DDAC00669591 /* Build configuration list for PBXNativeTarget "Landmarks" */;
			buildPhases = (
				FFFF0FB72B34DDAA00669591 /* Sources */,
				FFFF0FB82B34DDAA00669591 /* Frameworks */,
				FFFF0FB92B34DDAA00669591 /* Resources */,
			);
			buildRules = (
			);
			dependencies = (
			);
			name = Landmarks;
			productName = Landmarks;
			productReference = FFFF0FBB2B34DDAA00669591 /* Landmarks.app */;
			productType = "com.apple.product-type.application";
		};
/* End PBXNativeTarget section */

/* Begin PBXProject section */
		FFFF0FB32B34DDAA00669591 /* Project object */ = {
			isa = PBXProject;
			attributes = {
				BuildIndependentTargetsInParallel = 1;
				LastSwiftUpdateCheck = 1510;
				LastUpgradeCheck = 1510;
				TargetAttributes = {
					FFFF0FBA2B34DDAA00669591 = {
						CreatedOnToolsVersion = 15.1;
					};
				};
			};
			buildConfigurationList = FFFF0FB62B34DDAA00669591 /* Build configuration list for PBXProject "Landmarks" */;
			compatibilityVersion = "Xcode 14.0";
			developmentRegion = en;
			hasScannedForEncodings = 0;
			knownRegions = (
				en,
				Base,
			);
			mainGroup = FFFF0FB22B34DDAA00669591;
			productRefGroup = FFFF0FBC2B34DDAA00669591 /* Products */;
			projectDirPath = "";
			projectRoot = "";
			targets = (
				FFFF0FBA2B34DDAA00669591 /* Landmarks */,
			);
		};
/* End PBXProject section */

/* Begin PBXResourcesBuildPhase section */
		FFFF0FB92B34DDAA00669591 /* Resources */ = {
			isa = PBXResourcesBuildPhase;
			buildActionMask = 2147483647;
			files = (
				FFFF0FEF2B3CBD2D00669591 /* hikeData.json in Resources */,
				FFFF0FC62B34DDAC00669591 /* Preview Assets.xcassets in Resources */,
				FFFF0FC32B34DDAC00669591 /* Assets.xcassets in Resources */,
				FFFF0FD12B3575A100669591 /* landmarkData.json in Resources */,
			);
			runOnlyForDeploymentPostprocessing = 0;
		};
/* End PBXResourcesBuildPhase section */

/* Begin PBXSourcesBuildPhase section */
		FFFF0FB72B34DDAA00669591 /* Sources */ = {
			isa = PBXSourcesBuildPhase;
			buildActionMask = 2147483647;
			files = (
				FFFF0FFE2B3E305C00669591 /* CategoryRow.swift in Sources */,
				FFFF10022B3F85FC00669591 /* Profile.swift in Sources */,
				FFFF0FC12B34DDAA00669591 /* ContentView.swift in Sources */,
				FFFF0FFC2B3E2DE600669591 /* CategoryHome.swift in Sources */,
				FFFF0FF82B3CC0CA00669591 /* HikeGraph.swift in Sources */,
				FFFF0FEC2B3C98CD00669591 /* Badge.swift in Sources */,
				FFFF0FCF2B34E5D800669591 /* MapView.swift in Sources */,
				FFFF0FF72B3CC0CA00669591 /* GraphCapsule.swift in Sources */,
				FFFF0FEA2B3C97BD00669591 /* RotatedBadgeSymbol.swift in Sources */,
				FFFF0FBF2B34DDAA00669591 /* LandmarksApp.swift in Sources */,
				FFFF10002B3E31EE00669591 /* CategoryItem.swift in Sources */,
				FFFF0FF92B3CC0CA00669591 /* HikeDetail.swift in Sources */,
				FFFF0FE02B35EAAD00669591 /* FavoriteButton.swift in Sources */,
				FFFF0FF12B3CBE4200669591 /* Hike.swift in Sources */,
				FFFF0FE42B3B90C400669591 /* HexagonParameters.swift in Sources */,
				FFFF0FE82B3C960300669591 /* BadgeSymbol.swift in Sources */,
				FFFF0FDC2B35802D00669591 /* LandmarkList.swift in Sources */,
				FFFF0FFA2B3CC0CA00669591 /* HikeView.swift in Sources */,
				FFFF0FDE2B35828E00669591 /* LandmarkDetail.swift in Sources */,
				FFFF0FE62B3C8DA500669591 /* BadgeBackground.swift in Sources */,
				FFFF0FCD2B34E4E700669591 /* CircleImage.swift in Sources */,
				FFFF0FD32B3575E000669591 /* Landmark.swift in Sources */,
				FFFF0FDA2B357D9800669591 /* LandmarkRow.swift in Sources */,
				FFFF0FD52B35789300669591 /* ModelData.swift in Sources */,
			);
			runOnlyForDeploymentPostprocessing = 0;
		};
/* End PBXSourcesBuildPhase section */

/* Begin XCBuildConfiguration section */
		FFFF0FC72B34DDAC00669591 /* Debug */ = {
			isa = XCBuildConfiguration;
			buildSettings = {
				ALWAYS_SEARCH_USER_PATHS = NO;
				ASSETCATALOG_COMPILER_GENERATE_SWIFT_ASSET_SYMBOL_EXTENSIONS = YES;
				CLANG_ANALYZER_NONNULL = YES;
				CLANG_ANALYZER_NUMBER_OBJECT_CONVERSION = YES_AGGRESSIVE;
				CLANG_CXX_LANGUAGE_STANDARD = "gnu++20";
				CLANG_ENABLE_MODULES = YES;
				CLANG_ENABLE_OBJC_ARC = YES;
				CLANG_ENABLE_OBJC_WEAK = YES;
				CLANG_WARN_BLOCK_CAPTURE_AUTORELEASING = YES;
				CLANG_WARN_BOOL_CONVERSION = YES;
				CLANG_WARN_COMMA = YES;
				CLANG_WARN_CONSTANT_CONVERSION = YES;
				CLANG_WARN_DEPRECATED_OBJC_IMPLEMENTATIONS = YES;
				CLANG_WARN_DIRECT_OBJC_ISA_USAGE = YES_ERROR;
				CLANG_WARN_DOCUMENTATION_COMMENTS = YES;
				CLANG_WARN_EMPTY_BODY = YES;
				CLANG_WARN_ENUM_CONVERSION = YES;
				CLANG_WARN_INFINITE_RECURSION = YES;
				CLANG_WARN_INT_CONVERSION = YES;
				CLANG_WARN_NON_LITERAL_NULL_CONVERSION = YES;
				CLANG_WARN_OBJC_IMPLICIT_RETAIN_SELF = YES;
				CLANG_WARN_OBJC_LITERAL_CONVERSION = YES;
				CLANG_WARN_OBJC_ROOT_CLASS = YES_ERROR;
				CLANG_WARN_QUOTED_INCLUDE_IN_FRAMEWORK_HEADER = YES;
				CLANG_WARN_RANGE_LOOP_ANALYSIS = YES;
				CLANG_WARN_STRICT_PROTOTYPES = YES;
				CLANG_WARN_SUSPICIOUS_MOVE = YES;
				CLANG_WARN_UNGUARDED_AVAILABILITY = YES_AGGRESSIVE;
				CLANG_WARN_UNREACHABLE_CODE = YES;
				CLANG_WARN__DUPLICATE_METHOD_MATCH = YES;
				COPY_PHASE_STRIP = NO;
				DEBUG_INFORMATION_FORMAT = dwarf;
				ENABLE_STRICT_OBJC_MSGSEND = YES;
				ENABLE_TESTABILITY = YES;
				ENABLE_USER_SCRIPT_SANDBOXING = YES;
				GCC_C_LANGUAGE_STANDARD = gnu17;
				GCC_DYNAMIC_NO_PIC = NO;
				GCC_NO_COMMON_BLOCKS = YES;
				GCC_OPTIMIZATION_LEVEL = 0;
				GCC_PREPROCESSOR_DEFINITIONS = (
					"DEBUG=1",
					"$(inherited)",
				);
				GCC_WARN_64_TO_32_BIT_CONVERSION = YES;
				GCC_WARN_ABOUT_RETURN_TYPE = YES_ERROR;
				GCC_WARN_UNDECLARED_SELECTOR = YES;
				GCC_WARN_UNINITIALIZED_AUTOS = YES_AGGRESSIVE;
				GCC_WARN_UNUSED_FUNCTION = YES;
				GCC_WARN_UNUSED_VARIABLE = YES;
				IPHONEOS_DEPLOYMENT_TARGET = 17.2;
				LOCALIZATION_PREFERS_STRING_CATALOGS = YES;
				MTL_ENABLE_DEBUG_INFO = INCLUDE_SOURCE;
				MTL_FAST_MATH = YES;
				ONLY_ACTIVE_ARCH = YES;
				SDKROOT = iphoneos;
				SWIFT_ACTIVE_COMPILATION_CONDITIONS = "DEBUG $(inherited)";
				SWIFT_OPTIMIZATION_LEVEL = "-Onone";
			};
			name = Debug;
		};
		FFFF0FC82B34DDAC00669591 /* Release */ = {
			isa = XCBuildConfiguration;
			buildSettings = {
				ALWAYS_SEARCH_USER_PATHS = NO;
				ASSETCATALOG_COMPILER_GENERATE_SWIFT_ASSET_SYMBOL_EXTENSIONS = YES;
				CLANG_ANALYZER_NONNULL = YES;
				CLANG_ANALYZER_NUMBER_OBJECT_CONVERSION = YES_AGGRESSIVE;
				CLANG_CXX_LANGUAGE_STANDARD = "gnu++20";
				CLANG_ENABLE_MODULES = YES;
				CLANG_ENABLE_OBJC_ARC = YES;
				CLANG_ENABLE_OBJC_WEAK = YES;
				CLANG_WARN_BLOCK_CAPTURE_AUTORELEASING = YES;
				CLANG_WARN_BOOL_CONVERSION = YES;
				CLANG_WARN_COMMA = YES;
				CLANG_WARN_CONSTANT_CONVERSION = YES;
				CLANG_WARN_DEPRECATED_OBJC_IMPLEMENTATIONS = YES;
				CLANG_WARN_DIRECT_OBJC_ISA_USAGE = YES_ERROR;
				CLANG_WARN_DOCUMENTATION_COMMENTS = YES;
				CLANG_WARN_EMPTY_BODY = YES;
				CLANG_WARN_ENUM_CONVERSION = YES;
				CLANG_WARN_INFINITE_RECURSION = YES;
				CLANG_WARN_INT_CONVERSION = YES;
				CLANG_WARN_NON_LITERAL_NULL_CONVERSION = YES;
				CLANG_WARN_OBJC_IMPLICIT_RETAIN_SELF = YES;
				CLANG_WARN_OBJC_LITERAL_CONVERSION = YES;
				CLANG_WARN_OBJC_ROOT_CLASS = YES_ERROR;
				CLANG_WARN_QUOTED_INCLUDE_IN_FRAMEWORK_HEADER = YES;
				CLANG_WARN_RANGE_LOOP_ANALYSIS = YES;
				CLANG_WARN_STRICT_PROTOTYPES = YES;
				CLANG_WARN_SUSPICIOUS_MOVE = YES;
				CLANG_WARN_UNGUARDED_AVAILABILITY = YES_AGGRESSIVE;
				CLANG_WARN_UNREACHABLE_CODE = YES;
				CLANG_WARN__DUPLICATE_METHOD_MATCH = YES;
				COPY_PHASE_STRIP = NO;
				DEBUG_INFORMATION_FORMAT = "dwarf-with-dsym";
				ENABLE_NS_ASSERTIONS = NO;
				ENABLE_STRICT_OBJC_MSGSEND = YES;
				ENABLE_USER_SCRIPT_SANDBOXING = YES;
				GCC_C_LANGUAGE_STANDARD = gnu17;
				GCC_NO_COMMON_BLOCKS = YES;
				GCC_WARN_64_TO_32_BIT_CONVERSION = YES;
				GCC_WARN_ABOUT_RETURN_TYPE = YES_ERROR;
				GCC_WARN_UNDECLARED_SELECTOR = YES;
				GCC_WARN_UNINITIALIZED_AUTOS = YES_AGGRESSIVE;
				GCC_WARN_UNUSED_FUNCTION = YES;
				GCC_WARN_UNUSED_VARIABLE = YES;
				IPHONEOS_DEPLOYMENT_TARGET = 17.2;
				LOCALIZATION_PREFERS_STRING_CATALOGS = YES;
				MTL_ENABLE_DEBUG_INFO = NO;
				MTL_FAST_MATH = YES;
				SDKROOT = iphoneos;
				SWIFT_COMPILATION_MODE = wholemodule;
				VALIDATE_PRODUCT = YES;
			};
			name = Release;
		};
		FFFF0FCA2B34DDAC00669591 /* Debug */ = {
			isa = XCBuildConfiguration;
			buildSettings = {
				ASSETCATALOG_COMPILER_APPICON_NAME = AppIcon;
				ASSETCATALOG_COMPILER_GLOBAL_ACCENT_COLOR_NAME = AccentColor;
				CODE_SIGN_STYLE = Automatic;
				CURRENT_PROJECT_VERSION = 1;
				DEVELOPMENT_ASSET_PATHS = "\"Landmarks/Preview Content\"";
				ENABLE_PREVIEWS = YES;
				GENERATE_INFOPLIST_FILE = YES;
				INFOPLIST_KEY_UIApplicationSceneManifest_Generation = YES;
				INFOPLIST_KEY_UIApplicationSupportsIndirectInputEvents = YES;
				INFOPLIST_KEY_UILaunchScreen_Generation = YES;
				INFOPLIST_KEY_UISupportedInterfaceOrientations_iPad = "UIInterfaceOrientationPortrait UIInterfaceOrientationPortraitUpsideDown UIInterfaceOrientationLandscapeLeft UIInterfaceOrientationLandscapeRight";
				INFOPLIST_KEY_UISupportedInterfaceOrientations_iPhone = "UIInterfaceOrientationPortrait UIInterfaceOrientationLandscapeLeft UIInterfaceOrientationLandscapeRight";
				LD_RUNPATH_SEARCH_PATHS = (
					"$(inherited)",
					"@executable_path/Frameworks",
				);
				MARKETING_VERSION = 1.0;
				PRODUCT_BUNDLE_IDENTIFIER = wittygator.Landmarks;
				PRODUCT_NAME = "$(TARGET_NAME)";
				SWIFT_EMIT_LOC_STRINGS = YES;
				SWIFT_VERSION = 5.0;
				TARGETED_DEVICE_FAMILY = "1,2";
			};
			name = Debug;
		};
		FFFF0FCB2B34DDAC00669591 /* Release */ = {
			isa = XCBuildConfiguration;
			buildSettings = {
				ASSETCATALOG_COMPILER_APPICON_NAME = AppIcon;
				ASSETCATALOG_COMPILER_GLOBAL_ACCENT_COLOR_NAME = AccentColor;
				CODE_SIGN_STYLE = Automatic;
				CURRENT_PROJECT_VERSION = 1;
				DEVELOPMENT_ASSET_PATHS = "\"Landmarks/Preview Content\"";
				ENABLE_PREVIEWS = YES;
				GENERATE_INFOPLIST_FILE = YES;
				INFOPLIST_KEY_UIApplicationSceneManifest_Generation = YES;
				INFOPLIST_KEY_UIApplicationSupportsIndirectInputEvents = YES;
				INFOPLIST_KEY_UILaunchScreen_Generation = YES;
				INFOPLIST_KEY_UISupportedInterfaceOrientations_iPad = "UIInterfaceOrientationPortrait UIInterfaceOrientationPortraitUpsideDown UIInterfaceOrientationLandscapeLeft UIInterfaceOrientationLandscapeRight";
				INFOPLIST_KEY_UISupportedInterfaceOrientations_iPhone = "UIInterfaceOrientationPortrait UIInterfaceOrientationLandscapeLeft UIInterfaceOrientationLandscapeRight";
				LD_RUNPATH_SEARCH_PATHS = (
					"$(inherited)",
					"@executable_path/Frameworks",
				);
				MARKETING_VERSION = 1.0;
				PRODUCT_BUNDLE_IDENTIFIER = wittygator.Landmarks;
				PRODUCT_NAME = "$(TARGET_NAME)";
				SWIFT_EMIT_LOC_STRINGS = YES;
				SWIFT_VERSION = 5.0;
				TARGETED_DEVICE_FAMILY = "1,2";
			};
			name = Release;
		};
/* End XCBuildConfiguration section */

/* Begin XCConfigurationList section */
		FFFF0FB62B34DDAA00669591 /* Build configuration list for PBXProject "Landmarks" */ = {
			isa = XCConfigurationList;
			buildConfigurations = (
				FFFF0FC72B34DDAC00669591 /* Debug */,
				FFFF0FC82B34DDAC00669591 /* Release */,
			);
			defaultConfigurationIsVisible = 0;
			defaultConfigurationName = Release;
		};
		FFFF0FC92B34DDAC00669591 /* Build configuration list for PBXNativeTarget "Landmarks" */ = {
			isa = XCConfigurationList;
			buildConfigurations = (
				FFFF0FCA2B34DDAC00669591 /* Debug */,
				FFFF0FCB2B34DDAC00669591 /* Release */,
			);
			defaultConfigurationIsVisible = 0;
			defaultConfigurationName = Release;
		};
/* End XCConfigurationList section */
	};
	rootObject = FFFF0FB32B34DDAA00669591 /* Project object */;
}
